
Microsoft Visual Studio Solution File, Format Version 12.00
# Visual Studio Version 16
VisualStudioVersion = 16.0.33027.164
MinimumVisualStudioVersion = 10.0.40219.1
Project("{FAE04EC0-301F-11D3-BF4B-00C04F79EFBC}") = "ToDoApp", "ToDoApp\ToDoApp.csproj", "{35C76F2C-7BBC-426B-854D-AD4D83AC27AD}"
EndProject
Global
	GlobalSection(SolutionConfigurationPlatforms) = preSolution
		Debug|Any CPU = Debug|Any CPU
		Release|Any CPU = Release|Any CPU
	EndGlobalSection
	GlobalSection(ProjectConfigurationPlatforms) = postSolution
		{35C76F2C-7BBC-426B-854D-AD4D83AC27AD}.Debug|Any CPU.ActiveCfg = Debug|Any CPU
		{35C76F2C-7BBC-426B-854D-AD4D83AC27AD}.Debug|Any CPU.Build.0 = Debug|Any CPU
		{35C76F2C-7BBC-426B-854D-AD4D83AC27AD}.Release|Any CPU.ActiveCfg = Release|Any CPU
		{35C76F2C-7BBC-426B-854D-AD4D83AC27AD}.Release|Any CPU.Build.0 = Release|Any CPU
	EndGlobalSection
	GlobalSection(SolutionProperties) = preSolution
		HideSolutionNode = FALSE
	EndGlobalSection
	GlobalSection(ExtensibilityGlobals) = postSolution
		SolutionGuid = {AD0CE73C-188D-4810-9D7B-7556EDEBBD58}
	EndGlobalSection
EndGlobal
